
Microsoft Visual Studio Solution File, Format Version 12.00
# Visual Studio Version 17
VisualStudioVersion = 17.14.36202.13
MinimumVisualStudioVersion = 10.0.40219.1
Project("{FAE04EC0-301F-11D3-BF4B-00C04F79EFBC}") = "Pet-project", "Pet-project\Pet-project.csproj", "{5FCFBD15-4D66-45AD-A7EB-1508E6397FB6}"
EndProject
Project("{FAE04EC0-301F-11D3-BF4B-00C04F79EFBC}") = "TaskService.Api", "TaskService.Api\TaskService.Api.csproj", "{C1842260-314C-41BD-A0AB-9C6BA974913B}"
EndProject
Global
	GlobalSection(SolutionConfigurationPlatforms) = preSolution
		Debug|Any CPU = Debug|Any CPU
		Release|Any CPU = Release|Any CPU
	EndGlobalSection
	GlobalSection(ProjectConfigurationPlatforms) = postSolution
		{5FCFBD15-4D66-45AD-A7EB-1508E6397FB6}.Debug|Any CPU.ActiveCfg = Debug|Any CPU
		{5FCFBD15-4D66-45AD-A7EB-1508E6397FB6}.Debug|Any CPU.Build.0 = Debug|Any CPU
		{5FCFBD15-4D66-45AD-A7EB-1508E6397FB6}.Release|Any CPU.ActiveCfg = Release|Any CPU
		{5FCFBD15-4D66-45AD-A7EB-1508E6397FB6}.Release|Any CPU.Build.0 = Release|Any CPU
		{C1842260-314C-41BD-A0AB-9C6BA974913B}.Debug|Any CPU.ActiveCfg = Debug|Any CPU
		{C1842260-314C-41BD-A0AB-9C6BA974913B}.Debug|Any CPU.Build.0 = Debug|Any CPU
		{C1842260-314C-41BD-A0AB-9C6BA974913B}.Release|Any CPU.ActiveCfg = Release|Any CPU
		{C1842260-314C-41BD-A0AB-9C6BA974913B}.Release|Any CPU.Build.0 = Release|Any CPU
	EndGlobalSection
	GlobalSection(SolutionProperties) = preSolution
		HideSolutionNode = FALSE
	EndGlobalSection
EndGlobal
