
Microsoft Visual Studio Solution File, Format Version 12.00
# Visual Studio Version 17
VisualStudioVersion = 17.14.36202.13
MinimumVisualStudioVersion = 10.0.40219.1
Project("{FAE04EC0-301F-11D3-BF4B-00C04F79EFBC}") = "OldPet-project", "Pet-project\OldPet-project.csproj", "{5FCFBD15-4D66-45AD-A7EB-1508E6397FB6}"
EndProject
Project("{FAE04EC0-301F-11D3-BF4B-00C04F79EFBC}") = "OldTaskService.Api", "TaskService.Api\OldTaskService.Api.csproj", "{C1842260-314C-41BD-A0AB-9C6BA974913B}"
EndProject
Project("{2150E333-8FDC-42A3-9474-1A3956D46DE8}") = "12", "12", "{36D591C7-65C7-A0D1-1CBC-10CDE441BDC8}"
EndProject
Project("{2150E333-8FDC-42A3-9474-1A3956D46DE8}") = "3", "3", "{2356FB5B-B6AA-4E4A-A706-E9A7DEBD04E4}"
EndProject
Project("{FAE04EC0-301F-11D3-BF4B-00C04F79EFBC}") = "API", "API\API.csproj", "{4147742E-6A4D-4B50-AE73-6FE4F85AC6C6}"
EndProject
Project("{FAE04EC0-301F-11D3-BF4B-00C04F79EFBC}") = "Application", "Application\Application.csproj", "{D02F64E8-291C-4693-AAC3-A1D8B5860DFC}"
EndProject
Project("{FAE04EC0-301F-11D3-BF4B-00C04F79EFBC}") = "Domain", "Domain\Domain.csproj", "{A296C70C-B491-4D2B-A3BB-86C7D5CFB533}"
EndProject
Project("{FAE04EC0-301F-11D3-BF4B-00C04F79EFBC}") = "Infrastructure", "Infrastructure\Infrastructure.csproj", "{D28FB1EE-9096-474A-89D3-2EAE86E435AE}"
EndProject
Global
	GlobalSection(SolutionConfigurationPlatforms) = preSolution
		Debug|Any CPU = Debug|Any CPU
		Release|Any CPU = Release|Any CPU
	EndGlobalSection
	GlobalSection(ProjectConfigurationPlatforms) = postSolution
		{5FCFBD15-4D66-45AD-A7EB-1508E6397FB6}.Debug|Any CPU.ActiveCfg = Debug|Any CPU
		{5FCFBD15-4D66-45AD-A7EB-1508E6397FB6}.Debug|Any CPU.Build.0 = Debug|Any CPU
		{5FCFBD15-4D66-45AD-A7EB-1508E6397FB6}.Release|Any CPU.ActiveCfg = Release|Any CPU
		{5FCFBD15-4D66-45AD-A7EB-1508E6397FB6}.Release|Any CPU.Build.0 = Release|Any CPU
		{C1842260-314C-41BD-A0AB-9C6BA974913B}.Debug|Any CPU.ActiveCfg = Debug|Any CPU
		{C1842260-314C-41BD-A0AB-9C6BA974913B}.Debug|Any CPU.Build.0 = Debug|Any CPU
		{C1842260-314C-41BD-A0AB-9C6BA974913B}.Release|Any CPU.ActiveCfg = Release|Any CPU
		{C1842260-314C-41BD-A0AB-9C6BA974913B}.Release|Any CPU.Build.0 = Release|Any CPU
		{4147742E-6A4D-4B50-AE73-6FE4F85AC6C6}.Debug|Any CPU.ActiveCfg = Debug|Any CPU
		{4147742E-6A4D-4B50-AE73-6FE4F85AC6C6}.Debug|Any CPU.Build.0 = Debug|Any CPU
		{4147742E-6A4D-4B50-AE73-6FE4F85AC6C6}.Release|Any CPU.ActiveCfg = Release|Any CPU
		{4147742E-6A4D-4B50-AE73-6FE4F85AC6C6}.Release|Any CPU.Build.0 = Release|Any CPU
		{D02F64E8-291C-4693-AAC3-A1D8B5860DFC}.Debug|Any CPU.ActiveCfg = Debug|Any CPU
		{D02F64E8-291C-4693-AAC3-A1D8B5860DFC}.Debug|Any CPU.Build.0 = Debug|Any CPU
		{D02F64E8-291C-4693-AAC3-A1D8B5860DFC}.Release|Any CPU.ActiveCfg = Release|Any CPU
		{D02F64E8-291C-4693-AAC3-A1D8B5860DFC}.Release|Any CPU.Build.0 = Release|Any CPU
		{A296C70C-B491-4D2B-A3BB-86C7D5CFB533}.Debug|Any CPU.ActiveCfg = Debug|Any CPU
		{A296C70C-B491-4D2B-A3BB-86C7D5CFB533}.Debug|Any CPU.Build.0 = Debug|Any CPU
		{A296C70C-B491-4D2B-A3BB-86C7D5CFB533}.Release|Any CPU.ActiveCfg = Release|Any CPU
		{A296C70C-B491-4D2B-A3BB-86C7D5CFB533}.Release|Any CPU.Build.0 = Release|Any CPU
		{D28FB1EE-9096-474A-89D3-2EAE86E435AE}.Debug|Any CPU.ActiveCfg = Debug|Any CPU
		{D28FB1EE-9096-474A-89D3-2EAE86E435AE}.Debug|Any CPU.Build.0 = Debug|Any CPU
		{D28FB1EE-9096-474A-89D3-2EAE86E435AE}.Release|Any CPU.ActiveCfg = Release|Any CPU
		{D28FB1EE-9096-474A-89D3-2EAE86E435AE}.Release|Any CPU.Build.0 = Release|Any CPU
	EndGlobalSection
	GlobalSection(SolutionProperties) = preSolution
		HideSolutionNode = FALSE
	EndGlobalSection
	GlobalSection(NestedProjects) = preSolution
		{5FCFBD15-4D66-45AD-A7EB-1508E6397FB6} = {36D591C7-65C7-A0D1-1CBC-10CDE441BDC8}
		{C1842260-314C-41BD-A0AB-9C6BA974913B} = {36D591C7-65C7-A0D1-1CBC-10CDE441BDC8}
		{4147742E-6A4D-4B50-AE73-6FE4F85AC6C6} = {2356FB5B-B6AA-4E4A-A706-E9A7DEBD04E4}
		{D02F64E8-291C-4693-AAC3-A1D8B5860DFC} = {2356FB5B-B6AA-4E4A-A706-E9A7DEBD04E4}
		{A296C70C-B491-4D2B-A3BB-86C7D5CFB533} = {2356FB5B-B6AA-4E4A-A706-E9A7DEBD04E4}
		{D28FB1EE-9096-474A-89D3-2EAE86E435AE} = {2356FB5B-B6AA-4E4A-A706-E9A7DEBD04E4}
	EndGlobalSection
	GlobalSection(ExtensibilityGlobals) = postSolution
		SolutionGuid = {8CD8090C-3905-45FB-9808-C83299CABB92}
	EndGlobalSection
EndGlobal
